// !$*UTF8*$!
{
	archiveVersion = 1;
	classes = {
	};
	objectVersion = 55;
	objects = {

/* Begin PBXBuildFile section */
		EB240726292A347100C9A1AD /* voice.mp3 in Resources */ = {isa = PBXBuildFile; fileRef = EB240725292A347100C9A1AD /* voice.mp3 */; };
		EB240728292A3D0B00C9A1AD /* falling.mp3 in Resources */ = {isa = PBXBuildFile; fileRef = EB240727292A3D0B00C9A1AD /* falling.mp3 */; };
		EB24072A292A3D0F00C9A1AD /* powerdown.mp3 in Resources */ = {isa = PBXBuildFile; fileRef = EB240729292A3D0F00C9A1AD /* powerdown.mp3 */; };
		EB24072C292A3D1500C9A1AD /* jump06.mp3 in Resources */ = {isa = PBXBuildFile; fileRef = EB24072B292A3D1500C9A1AD /* jump06.mp3 */; };
		EB3887AA29227DA600E21BBA /* AppDelegate.swift in Sources */ = {isa = PBXBuildFile; fileRef = EB3887A929227DA600E21BBA /* AppDelegate.swift */; };
		EB3887AC29227DA600E21BBA /* SceneDelegate.swift in Sources */ = {isa = PBXBuildFile; fileRef = EB3887AB29227DA600E21BBA /* SceneDelegate.swift */; };
		EB3887AE29227DA600E21BBA /* ViewController.swift in Sources */ = {isa = PBXBuildFile; fileRef = EB3887AD29227DA600E21BBA /* ViewController.swift */; };
		EB3887B129227DA600E21BBA /* Main.storyboard in Resources */ = {isa = PBXBuildFile; fileRef = EB3887AF29227DA600E21BBA /* Main.storyboard */; };
		EB3887B329227DA700E21BBA /* Assets.xcassets in Resources */ = {isa = PBXBuildFile; fileRef = EB3887B229227DA700E21BBA /* Assets.xcassets */; };
		EB3887B629227DA700E21BBA /* LaunchScreen.storyboard in Resources */ = {isa = PBXBuildFile; fileRef = EB3887B429227DA700E21BBA /* LaunchScreen.storyboard */; };
		EB3887BE2923D08B00E21BBA /* GameScene.swift in Sources */ = {isa = PBXBuildFile; fileRef = EB3887BD2923D08B00E21BBA /* GameScene.swift */; };
/* End PBXBuildFile section */

/* Begin PBXFileReference section */
		EB240725292A347100C9A1AD /* voice.mp3 */ = {isa = PBXFileReference; lastKnownFileType = audio.mp3; path = voice.mp3; sourceTree = "<group>"; };
		EB240727292A3D0B00C9A1AD /* falling.mp3 */ = {isa = PBXFileReference; lastKnownFileType = audio.mp3; path = falling.mp3; sourceTree = "<group>"; };
		EB240729292A3D0F00C9A1AD /* powerdown.mp3 */ = {isa = PBXFileReference; lastKnownFileType = audio.mp3; path = powerdown.mp3; sourceTree = "<group>"; };
		EB24072B292A3D1500C9A1AD /* jump06.mp3 */ = {isa = PBXFileReference; lastKnownFileType = audio.mp3; path = jump06.mp3; sourceTree = "<group>"; };
		EB3887A629227DA600E21BBA /* FlappyBird.app */ = {isa = PBXFileReference; explicitFileType = wrapper.application; includeInIndex = 0; path = FlappyBird.app; sourceTree = BUILT_PRODUCTS_DIR; };
		EB3887A929227DA600E21BBA /* AppDelegate.swift */ = {isa = PBXFileReference; lastKnownFileType = sourcecode.swift; path = AppDelegate.swift; sourceTree = "<group>"; };
		EB3887AB29227DA600E21BBA /* SceneDelegate.swift */ = {isa = PBXFileReference; lastKnownFileType = sourcecode.swift; path = SceneDelegate.swift; sourceTree = "<group>"; };
		EB3887AD29227DA600E21BBA /* ViewController.swift */ = {isa = PBXFileReference; lastKnownFileType = sourcecode.swift; path = ViewController.swift; sourceTree = "<group>"; };
		EB3887B029227DA600E21BBA /* Base */ = {isa = PBXFileReference; lastKnownFileType = file.storyboard; name = Base; path = Base.lproj/Main.storyboard; sourceTree = "<group>"; };
		EB3887B229227DA700E21BBA /* Assets.xcassets */ = {isa = PBXFileReference; lastKnownFileType = folder.assetcatalog; path = Assets.xcassets; sourceTree = "<group>"; };
		EB3887B529227DA700E21BBA /* Base */ = {isa = PBXFileReference; lastKnownFileType = file.storyboard; name = Base; path = Base.lproj/LaunchScreen.storyboard; sourceTree = "<group>"; };
		EB3887B729227DA700E21BBA /* Info.plist */ = {isa = PBXFileReference; lastKnownFileType = text.plist.xml; path = Info.plist; sourceTree = "<group>"; };
		EB3887BD2923D08B00E21BBA /* GameScene.swift */ = {isa = PBXFileReference; lastKnownFileType = sourcecode.swift; path = GameScene.swift; sourceTree = "<group>"; };
/* End PBXFileReference section */

/* Begin PBXFrameworksBuildPhase section */
		EB3887A329227DA600E21BBA /* Frameworks */ = {
			isa = PBXFrameworksBuildPhase;
			buildActionMask = 2147483647;
			files = (
			);
			runOnlyForDeploymentPostprocessing = 0;
		};
/* End PBXFrameworksBuildPhase section */

/* Begin PBXGroup section */
		EB38879D29227DA600E21BBA = {
			isa = PBXGroup;
			children = (
				EB3887A829227DA600E21BBA /* FlappyBird */,
				EB3887A729227DA600E21BBA /* Products */,
			);
			sourceTree = "<group>";
		};
		EB3887A729227DA600E21BBA /* Products */ = {
			isa = PBXGroup;
			children = (
				EB3887A629227DA600E21BBA /* FlappyBird.app */,
			);
			name = Products;
			sourceTree = "<group>";
		};
		EB3887A829227DA600E21BBA /* FlappyBird */ = {
			isa = PBXGroup;
			children = (
				EB3887A929227DA600E21BBA /* AppDelegate.swift */,
				EB3887AB29227DA600E21BBA /* SceneDelegate.swift */,
				EB3887BD2923D08B00E21BBA /* GameScene.swift */,
				EB3887AD29227DA600E21BBA /* ViewController.swift */,
				EB3887AF29227DA600E21BBA /* Main.storyboard */,
				EB3887B229227DA700E21BBA /* Assets.xcassets */,
				EB3887B429227DA700E21BBA /* LaunchScreen.storyboard */,
				EB3887B729227DA700E21BBA /* Info.plist */,
				EB240725292A347100C9A1AD /* voice.mp3 */,
				EB240727292A3D0B00C9A1AD /* falling.mp3 */,
				EB240729292A3D0F00C9A1AD /* powerdown.mp3 */,
				EB24072B292A3D1500C9A1AD /* jump06.mp3 */,
			);
			path = FlappyBird;
			sourceTree = "<group>";
		};
/* End PBXGroup section */

/* Begin PBXNativeTarget section */
		EB3887A529227DA600E21BBA /* FlappyBird */ = {
			isa = PBXNativeTarget;
			buildConfigurationList = EB3887BA29227DA700E21BBA /* Build configuration list for PBXNativeTarget "FlappyBird" */;
			buildPhases = (
				EB3887A229227DA600E21BBA /* Sources */,
				EB3887A329227DA600E21BBA /* Frameworks */,
				EB3887A429227DA600E21BBA /* Resources */,
			);
			buildRules = (
			);
			dependencies = (
			);
			name = FlappyBird;
			productName = FlappyBird;
			productReference = EB3887A629227DA600E21BBA /* FlappyBird.app */;
			productType = "com.apple.product-type.application";
		};
/* End PBXNativeTarget section */

/* Begin PBXProject section */
		EB38879E29227DA600E21BBA /* Project object */ = {
			isa = PBXProject;
			attributes = {
				BuildIndependentTargetsInParallel = 1;
				LastSwiftUpdateCheck = 1310;
				LastUpgradeCheck = 1310;
				TargetAttributes = {
					EB3887A529227DA600E21BBA = {
						CreatedOnToolsVersion = 13.1;
					};
				};
			};
			buildConfigurationList = EB3887A129227DA600E21BBA /* Build configuration list for PBXProject "FlappyBird" */;
			compatibilityVersion = "Xcode 13.0";
			developmentRegion = en;
			hasScannedForEncodings = 0;
			knownRegions = (
				en,
				Base,
			);
			mainGroup = EB38879D29227DA600E21BBA;
			productRefGroup = EB3887A729227DA600E21BBA /* Products */;
			projectDirPath = "";
			projectRoot = "";
			targets = (
				EB3887A529227DA600E21BBA /* FlappyBird */,
			);
		};
/* End PBXProject section */

/* Begin PBXResourcesBuildPhase section */
		EB3887A429227DA600E21BBA /* Resources */ = {
			isa = PBXResourcesBuildPhase;
			buildActionMask = 2147483647;
			files = (
				EB24072C292A3D1500C9A1AD /* jump06.mp3 in Resources */,
				EB24072A292A3D0F00C9A1AD /* powerdown.mp3 in Resources */,
				EB3887B629227DA700E21BBA /* LaunchScreen.storyboard in Resources */,
				EB240726292A347100C9A1AD /* voice.mp3 in Resources */,
				EB3887B329227DA700E21BBA /* Assets.xcassets in Resources */,
				EB3887B129227DA600E21BBA /* Main.storyboard in Resources */,
				EB240728292A3D0B00C9A1AD /* falling.mp3 in Resources */,
			);
			runOnlyForDeploymentPostprocessing = 0;
		};
/* End PBXResourcesBuildPhase section */

/* Begin PBXSourcesBuildPhase section */
		EB3887A229227DA600E21BBA /* Sources */ = {
			isa = PBXSourcesBuildPhase;
			buildActionMask = 2147483647;
			files = (
				EB3887AE29227DA600E21BBA /* ViewController.swift in Sources */,
				EB3887AA29227DA600E21BBA /* AppDelegate.swift in Sources */,
				EB3887BE2923D08B00E21BBA /* GameScene.swift in Sources */,
				EB3887AC29227DA600E21BBA /* SceneDelegate.swift in Sources */,
			);
			runOnlyForDeploymentPostprocessing = 0;
		};
/* End PBXSourcesBuildPhase section */

/* Begin PBXVariantGroup section */
		EB3887AF29227DA600E21BBA /* Main.storyboard */ = {
			isa = PBXVariantGroup;
			children = (
				EB3887B029227DA600E21BBA /* Base */,
			);
			name = Main.storyboard;
			sourceTree = "<group>";
		};
		EB3887B429227DA700E21BBA /* LaunchScreen.storyboard */ = {
			isa = PBXVariantGroup;
			children = (
				EB3887B529227DA700E21BBA /* Base */,
			);
			name = LaunchScreen.storyboard;
			sourceTree = "<group>";
		};
/* End PBXVariantGroup section */

/* Begin XCBuildConfiguration section */
		EB3887B829227DA700E21BBA /* Debug */ = {
			isa = XCBuildConfiguration;
			buildSettings = {
				ALWAYS_SEARCH_USER_PATHS = NO;
				CLANG_ANALYZER_NONNULL = YES;
				CLANG_ANALYZER_NUMBER_OBJECT_CONVERSION = YES_AGGRESSIVE;
				CLANG_CXX_LANGUAGE_STANDARD = "gnu++17";
				CLANG_CXX_LIBRARY = "libc++";
				CLANG_ENABLE_MODULES = YES;
				CLANG_ENABLE_OBJC_ARC = YES;
				CLANG_ENABLE_OBJC_WEAK = YES;
				CLANG_WARN_BLOCK_CAPTURE_AUTORELEASING = YES;
				CLANG_WARN_BOOL_CONVERSION = YES;
				CLANG_WARN_COMMA = YES;
				CLANG_WARN_CONSTANT_CONVERSION = YES;
				CLANG_WARN_DEPRECATED_OBJC_IMPLEMENTATIONS = YES;
				CLANG_WARN_DIRECT_OBJC_ISA_USAGE = YES_ERROR;
				CLANG_WARN_DOCUMENTATION_COMMENTS = YES;
				CLANG_WARN_EMPTY_BODY = YES;
				CLANG_WARN_ENUM_CONVERSION = YES;
				CLANG_WARN_INFINITE_RECURSION = YES;
				CLANG_WARN_INT_CONVERSION = YES;
				CLANG_WARN_NON_LITERAL_NULL_CONVERSION = YES;
				CLANG_WARN_OBJC_IMPLICIT_RETAIN_SELF = YES;
				CLANG_WARN_OBJC_LITERAL_CONVERSION = YES;
				CLANG_WARN_OBJC_ROOT_CLASS = YES_ERROR;
				CLANG_WARN_QUOTED_INCLUDE_IN_FRAMEWORK_HEADER = YES;
				CLANG_WARN_RANGE_LOOP_ANALYSIS = YES;
				CLANG_WARN_STRICT_PROTOTYPES = YES;
				CLANG_WARN_SUSPICIOUS_MOVE = YES;
				CLANG_WARN_UNGUARDED_AVAILABILITY = YES_AGGRESSIVE;
				CLANG_WARN_UNREACHABLE_CODE = YES;
				CLANG_WARN__DUPLICATE_METHOD_MATCH = YES;
				COPY_PHASE_STRIP = NO;
				DEBUG_INFORMATION_FORMAT = dwarf;
				ENABLE_STRICT_OBJC_MSGSEND = YES;
				ENABLE_TESTABILITY = YES;
				GCC_C_LANGUAGE_STANDARD = gnu11;
				GCC_DYNAMIC_NO_PIC = NO;
				GCC_NO_COMMON_BLOCKS = YES;
				GCC_OPTIMIZATION_LEVEL = 0;
				GCC_PREPROCESSOR_DEFINITIONS = (
					"DEBUG=1",
					"$(inherited)",
				);
				GCC_WARN_64_TO_32_BIT_CONVERSION = YES;
				GCC_WARN_ABOUT_RETURN_TYPE = YES_ERROR;
				GCC_WARN_UNDECLARED_SELECTOR = YES;
				GCC_WARN_UNINITIALIZED_AUTOS = YES_AGGRESSIVE;
				GCC_WARN_UNUSED_FUNCTION = YES;
				GCC_WARN_UNUSED_VARIABLE = YES;
				IPHONEOS_DEPLOYMENT_TARGET = 15.0;
				MTL_ENABLE_DEBUG_INFO = INCLUDE_SOURCE;
				MTL_FAST_MATH = YES;
				ONLY_ACTIVE_ARCH = YES;
				SDKROOT = iphoneos;
				SWIFT_ACTIVE_COMPILATION_CONDITIONS = DEBUG;
				SWIFT_OPTIMIZATION_LEVEL = "-Onone";
			};
			name = Debug;
		};
		EB3887B929227DA700E21BBA /* Release */ = {
			isa = XCBuildConfiguration;
			buildSettings = {
				ALWAYS_SEARCH_USER_PATHS = NO;
				CLANG_ANALYZER_NONNULL = YES;
				CLANG_ANALYZER_NUMBER_OBJECT_CONVERSION = YES_AGGRESSIVE;
				CLANG_CXX_LANGUAGE_STANDARD = "gnu++17";
				CLANG_CXX_LIBRARY = "libc++";
				CLANG_ENABLE_MODULES = YES;
				CLANG_ENABLE_OBJC_ARC = YES;
				CLANG_ENABLE_OBJC_WEAK = YES;
				CLANG_WARN_BLOCK_CAPTURE_AUTORELEASING = YES;
				CLANG_WARN_BOOL_CONVERSION = YES;
				CLANG_WARN_COMMA = YES;
				CLANG_WARN_CONSTANT_CONVERSION = YES;
				CLANG_WARN_DEPRECATED_OBJC_IMPLEMENTATIONS = YES;
				CLANG_WARN_DIRECT_OBJC_ISA_USAGE = YES_ERROR;
				CLANG_WARN_DOCUMENTATION_COMMENTS = YES;
				CLANG_WARN_EMPTY_BODY = YES;
				CLANG_WARN_ENUM_CONVERSION = YES;
				CLANG_WARN_INFINITE_RECURSION = YES;
				CLANG_WARN_INT_CONVERSION = YES;
				CLANG_WARN_NON_LITERAL_NULL_CONVERSION = YES;
				CLANG_WARN_OBJC_IMPLICIT_RETAIN_SELF = YES;
				CLANG_WARN_OBJC_LITERAL_CONVERSION = YES;
				CLANG_WARN_OBJC_ROOT_CLASS = YES_ERROR;
				CLANG_WARN_QUOTED_INCLUDE_IN_FRAMEWORK_HEADER = YES;
				CLANG_WARN_RANGE_LOOP_ANALYSIS = YES;
				CLANG_WARN_STRICT_PROTOTYPES = YES;
				CLANG_WARN_SUSPICIOUS_MOVE = YES;
				CLANG_WARN_UNGUARDED_AVAILABILITY = YES_AGGRESSIVE;
				CLANG_WARN_UNREACHABLE_CODE = YES;
				CLANG_WARN__DUPLICATE_METHOD_MATCH = YES;
				COPY_PHASE_STRIP = NO;
				DEBUG_INFORMATION_FORMAT = "dwarf-with-dsym";
				ENABLE_NS_ASSERTIONS = NO;
				ENABLE_STRICT_OBJC_MSGSEND = YES;
				GCC_C_LANGUAGE_STANDARD = gnu11;
				GCC_NO_COMMON_BLOCKS = YES;
				GCC_WARN_64_TO_32_BIT_CONVERSION = YES;
				GCC_WARN_ABOUT_RETURN_TYPE = YES_ERROR;
				GCC_WARN_UNDECLARED_SELECTOR = YES;
				GCC_WARN_UNINITIALIZED_AUTOS = YES_AGGRESSIVE;
				GCC_WARN_UNUSED_FUNCTION = YES;
				GCC_WARN_UNUSED_VARIABLE = YES;
				IPHONEOS_DEPLOYMENT_TARGET = 15.0;
				MTL_ENABLE_DEBUG_INFO = NO;
				MTL_FAST_MATH = YES;
				SDKROOT = iphoneos;
				SWIFT_COMPILATION_MODE = wholemodule;
				SWIFT_OPTIMIZATION_LEVEL = "-O";
				VALIDATE_PRODUCT = YES;
			};
			name = Release;
		};
		EB3887BB29227DA700E21BBA /* Debug */ = {
			isa = XCBuildConfiguration;
			buildSettings = {
				ASSETCATALOG_COMPILER_APPICON_NAME = AppIcon;
				ASSETCATALOG_COMPILER_GLOBAL_ACCENT_COLOR_NAME = AccentColor;
				CODE_SIGN_STYLE = Automatic;
				CURRENT_PROJECT_VERSION = 1;
				DEVELOPMENT_TEAM = 8AVAU3YFL2;
				GENERATE_INFOPLIST_FILE = YES;
				INFOPLIST_FILE = FlappyBird/Info.plist;
				INFOPLIST_KEY_UIApplicationSupportsIndirectInputEvents = YES;
				INFOPLIST_KEY_UILaunchStoryboardName = LaunchScreen;
				INFOPLIST_KEY_UIMainStoryboardFile = Main;
				INFOPLIST_KEY_UISupportedInterfaceOrientations_iPad = "UIInterfaceOrientationPortrait UIInterfaceOrientationPortraitUpsideDown UIInterfaceOrientationLandscapeLeft UIInterfaceOrientationLandscapeRight";
				INFOPLIST_KEY_UISupportedInterfaceOrientations_iPhone = UIInterfaceOrientationPortrait;
				LD_RUNPATH_SEARCH_PATHS = (
					"$(inherited)",
					"@executable_path/Frameworks",
				);
				MARKETING_VERSION = 1.0;
				PRODUCT_BUNDLE_IDENTIFIER = jp.techacademy.takahiro.koizumi.FlappyBird;
				PRODUCT_NAME = "$(TARGET_NAME)";
				SWIFT_EMIT_LOC_STRINGS = YES;
				SWIFT_VERSION = 5.0;
				TARGETED_DEVICE_FAMILY = 1;
			};
			name = Debug;
		};
		EB3887BC29227DA700E21BBA /* Release */ = {
			isa = XCBuildConfiguration;
			buildSettings = {
				ASSETCATALOG_COMPILER_APPICON_NAME = AppIcon;
				ASSETCATALOG_COMPILER_GLOBAL_ACCENT_COLOR_NAME = AccentColor;
				CODE_SIGN_STYLE = Automatic;
				CURRENT_PROJECT_VERSION = 1;
				DEVELOPMENT_TEAM = 8AVAU3YFL2;
				GENERATE_INFOPLIST_FILE = YES;
				INFOPLIST_FILE = FlappyBird/Info.plist;
				INFOPLIST_KEY_UIApplicationSupportsIndirectInputEvents = YES;
				INFOPLIST_KEY_UILaunchStoryboardName = LaunchScreen;
				INFOPLIST_KEY_UIMainStoryboardFile = Main;
				INFOPLIST_KEY_UISupportedInterfaceOrientations_iPad = "UIInterfaceOrientationPortrait UIInterfaceOrientationPortraitUpsideDown UIInterfaceOrientationLandscapeLeft UIInterfaceOrientationLandscapeRight";
				INFOPLIST_KEY_UISupportedInterfaceOrientations_iPhone = UIInterfaceOrientationPortrait;
				LD_RUNPATH_SEARCH_PATHS = (
					"$(inherited)",
					"@executable_path/Frameworks",
				);
				MARKETING_VERSION = 1.0;
				PRODUCT_BUNDLE_IDENTIFIER = jp.techacademy.takahiro.koizumi.FlappyBird;
				PRODUCT_NAME = "$(TARGET_NAME)";
				SWIFT_EMIT_LOC_STRINGS = YES;
				SWIFT_VERSION = 5.0;
				TARGETED_DEVICE_FAMILY = 1;
			};
			name = Release;
		};
/* End XCBuildConfiguration section */

/* Begin XCConfigurationList section */
		EB3887A129227DA600E21BBA /* Build configuration list for PBXProject "FlappyBird" */ = {
			isa = XCConfigurationList;
			buildConfigurations = (
				EB3887B829227DA700E21BBA /* Debug */,
				EB3887B929227DA700E21BBA /* Release */,
			);
			defaultConfigurationIsVisible = 0;
			defaultConfigurationName = Release;
		};
		EB3887BA29227DA700E21BBA /* Build configuration list for PBXNativeTarget "FlappyBird" */ = {
			isa = XCConfigurationList;
			buildConfigurations = (
				EB3887BB29227DA700E21BBA /* Debug */,
				EB3887BC29227DA700E21BBA /* Release */,
			);
			defaultConfigurationIsVisible = 0;
			defaultConfigurationName = Release;
		};
/* End XCConfigurationList section */
	};
	rootObject = EB38879E29227DA600E21BBA /* Project object */;
}
